// !$*UTF8*$!
{
	archiveVersion = 1;
	classes = {
	};
	objectVersion = 55;
	objects = {

/* Begin PBXBuildFile section */
		AF3ED710293B800300D0CD96 /* AppDelegate.swift in Sources */ = {isa = PBXBuildFile; fileRef = AF3ED70F293B800300D0CD96 /* AppDelegate.swift */; };
		AF3ED712293B800300D0CD96 /* SceneDelegate.swift in Sources */ = {isa = PBXBuildFile; fileRef = AF3ED711293B800300D0CD96 /* SceneDelegate.swift */; };
		AF3ED714293B800300D0CD96 /* HomeViewController.swift in Sources */ = {isa = PBXBuildFile; fileRef = AF3ED713293B800300D0CD96 /* HomeViewController.swift */; };
		AF3ED717293B800300D0CD96 /* Main.storyboard in Resources */ = {isa = PBXBuildFile; fileRef = AF3ED715293B800300D0CD96 /* Main.storyboard */; };
		AF3ED719293B800300D0CD96 /* Assets.xcassets in Resources */ = {isa = PBXBuildFile; fileRef = AF3ED718293B800300D0CD96 /* Assets.xcassets */; };
		AF3ED71C293B800300D0CD96 /* LaunchScreen.storyboard in Resources */ = {isa = PBXBuildFile; fileRef = AF3ED71A293B800300D0CD96 /* LaunchScreen.storyboard */; };
		AF3ED72A293BC95100D0CD96 /* Establishment.swift in Sources */ = {isa = PBXBuildFile; fileRef = AF3ED729293BC95100D0CD96 /* Establishment.swift */; };
		AF3ED72C293BCBB200D0CD96 /* EstablishmentRow.swift in Sources */ = {isa = PBXBuildFile; fileRef = AF3ED72B293BCBB200D0CD96 /* EstablishmentRow.swift */; };
		AF7A61AB294166F800562FE4 /* DataManager.swift in Sources */ = {isa = PBXBuildFile; fileRef = AF7A61AA294166F800562FE4 /* DataManager.swift */; };
		AF7A61AD29416EA600562FE4 /* EmployeesViewController.swift in Sources */ = {isa = PBXBuildFile; fileRef = AF7A61AC29416EA600562FE4 /* EmployeesViewController.swift */; };
		AFBB9DD129477D5F00652543 /* EstablishmentsViewController.swift in Sources */ = {isa = PBXBuildFile; fileRef = AFBB9DD029477D5F00652543 /* EstablishmentsViewController.swift */; };
		AFBB9DD329479F0C00652543 /* MesaagesViewController.swift in Sources */ = {isa = PBXBuildFile; fileRef = AFBB9DD229479F0C00652543 /* MesaagesViewController.swift */; };
		AFBB9DD52947EC1000652543 /* AddEstablishmentViewController.swift in Sources */ = {isa = PBXBuildFile; fileRef = AFBB9DD42947EC1000652543 /* AddEstablishmentViewController.swift */; };
		AFBB9DD72947ED7900652543 /* AddEmployeeViewController.swift in Sources */ = {isa = PBXBuildFile; fileRef = AFBB9DD62947ED7900652543 /* AddEmployeeViewController.swift */; };
		AFBB9DD92947EDCB00652543 /* AddDepartmentViewController.swift in Sources */ = {isa = PBXBuildFile; fileRef = AFBB9DD82947EDCB00652543 /* AddDepartmentViewController.swift */; };
/* End PBXBuildFile section */

/* Begin PBXFileReference section */
		AF3ED70C293B800300D0CD96 /* RaiseCompany.app */ = {isa = PBXFileReference; explicitFileType = wrapper.application; includeInIndex = 0; path = RaiseCompany.app; sourceTree = BUILT_PRODUCTS_DIR; };
		AF3ED70F293B800300D0CD96 /* AppDelegate.swift */ = {isa = PBXFileReference; lastKnownFileType = sourcecode.swift; path = AppDelegate.swift; sourceTree = "<group>"; };
		AF3ED711293B800300D0CD96 /* SceneDelegate.swift */ = {isa = PBXFileReference; lastKnownFileType = sourcecode.swift; path = SceneDelegate.swift; sourceTree = "<group>"; };
		AF3ED713293B800300D0CD96 /* HomeViewController.swift */ = {isa = PBXFileReference; lastKnownFileType = sourcecode.swift; path = HomeViewController.swift; sourceTree = "<group>"; };
		AF3ED716293B800300D0CD96 /* Base */ = {isa = PBXFileReference; lastKnownFileType = file.storyboard; name = Base; path = Base.lproj/Main.storyboard; sourceTree = "<group>"; };
		AF3ED718293B800300D0CD96 /* Assets.xcassets */ = {isa = PBXFileReference; lastKnownFileType = folder.assetcatalog; path = Assets.xcassets; sourceTree = "<group>"; };
		AF3ED71B293B800300D0CD96 /* Base */ = {isa = PBXFileReference; lastKnownFileType = file.storyboard; name = Base; path = Base.lproj/LaunchScreen.storyboard; sourceTree = "<group>"; };
		AF3ED71D293B800300D0CD96 /* Info.plist */ = {isa = PBXFileReference; lastKnownFileType = text.plist.xml; path = Info.plist; sourceTree = "<group>"; };
		AF3ED729293BC95100D0CD96 /* Establishment.swift */ = {isa = PBXFileReference; lastKnownFileType = sourcecode.swift; path = Establishment.swift; sourceTree = "<group>"; };
		AF3ED72B293BCBB200D0CD96 /* EstablishmentRow.swift */ = {isa = PBXFileReference; lastKnownFileType = sourcecode.swift; path = EstablishmentRow.swift; sourceTree = "<group>"; };
		AF7A61AA294166F800562FE4 /* DataManager.swift */ = {isa = PBXFileReference; lastKnownFileType = sourcecode.swift; path = DataManager.swift; sourceTree = "<group>"; };
		AF7A61AC29416EA600562FE4 /* EmployeesViewController.swift */ = {isa = PBXFileReference; lastKnownFileType = sourcecode.swift; path = EmployeesViewController.swift; sourceTree = "<group>"; };
		AFBB9DD029477D5F00652543 /* EstablishmentsViewController.swift */ = {isa = PBXFileReference; lastKnownFileType = sourcecode.swift; path = EstablishmentsViewController.swift; sourceTree = "<group>"; };
		AFBB9DD229479F0C00652543 /* MesaagesViewController.swift */ = {isa = PBXFileReference; lastKnownFileType = sourcecode.swift; path = MesaagesViewController.swift; sourceTree = "<group>"; };
		AFBB9DD42947EC1000652543 /* AddEstablishmentViewController.swift */ = {isa = PBXFileReference; lastKnownFileType = sourcecode.swift; path = AddEstablishmentViewController.swift; sourceTree = "<group>"; };
		AFBB9DD62947ED7900652543 /* AddEmployeeViewController.swift */ = {isa = PBXFileReference; lastKnownFileType = sourcecode.swift; path = AddEmployeeViewController.swift; sourceTree = "<group>"; };
		AFBB9DD82947EDCB00652543 /* AddDepartmentViewController.swift */ = {isa = PBXFileReference; lastKnownFileType = sourcecode.swift; path = AddDepartmentViewController.swift; sourceTree = "<group>"; };
/* End PBXFileReference section */

/* Begin PBXFrameworksBuildPhase section */
		AF3ED709293B800300D0CD96 /* Frameworks */ = {
			isa = PBXFrameworksBuildPhase;
			buildActionMask = 2147483647;
			files = (
			);
			runOnlyForDeploymentPostprocessing = 0;
		};
/* End PBXFrameworksBuildPhase section */

/* Begin PBXGroup section */
		AF3ED703293B800300D0CD96 = {
			isa = PBXGroup;
			children = (
				AF3ED70E293B800300D0CD96 /* RaiseCompany */,
				AF3ED70D293B800300D0CD96 /* Products */,
			);
			sourceTree = "<group>";
		};
		AF3ED70D293B800300D0CD96 /* Products */ = {
			isa = PBXGroup;
			children = (
				AF3ED70C293B800300D0CD96 /* RaiseCompany.app */,
			);
			name = Products;
			sourceTree = "<group>";
		};
		AF3ED70E293B800300D0CD96 /* RaiseCompany */ = {
			isa = PBXGroup;
			children = (
				AF4F7C112948001800769810 /* Delegate */,
				AF4F7C132948012100769810 /* Model */,
				AF4F7C102947FFD800769810 /* Controllers */,
				AF3ED718293B800300D0CD96 /* Assets.xcassets */,
				AF3ED715293B800300D0CD96 /* Main.storyboard */,
				AF3ED71A293B800300D0CD96 /* LaunchScreen.storyboard */,
				AF3ED71D293B800300D0CD96 /* Info.plist */,
			);
			path = RaiseCompany;
			sourceTree = "<group>";
		};
		AF4F7C102947FFD800769810 /* Controllers */ = {
			isa = PBXGroup;
			children = (
				AF3ED713293B800300D0CD96 /* HomeViewController.swift */,
				AFBB9DD029477D5F00652543 /* EstablishmentsViewController.swift */,
				AF7A61AC29416EA600562FE4 /* EmployeesViewController.swift */,
				AFBB9DD229479F0C00652543 /* MesaagesViewController.swift */,
				AFBB9DD62947ED7900652543 /* AddEmployeeViewController.swift */,
				AFBB9DD82947EDCB00652543 /* AddDepartmentViewController.swift */,
				AFBB9DD42947EC1000652543 /* AddEstablishmentViewController.swift */,
				AF4F7C122948010000769810 /* Views */,
			);
			path = Controllers;
			sourceTree = "<group>";
		};
		AF4F7C112948001800769810 /* Delegate */ = {
			isa = PBXGroup;
			children = (
				AF3ED711293B800300D0CD96 /* SceneDelegate.swift */,
				AF3ED70F293B800300D0CD96 /* AppDelegate.swift */,
			);
			path = Delegate;
			sourceTree = "<group>";
		};
		AF4F7C122948010000769810 /* Views */ = {
			isa = PBXGroup;
			children = (
				AF3ED72B293BCBB200D0CD96 /* EstablishmentRow.swift */,
			);
			path = Views;
			sourceTree = "<group>";
		};
		AF4F7C132948012100769810 /* Model */ = {
			isa = PBXGroup;
			children = (
				AF7A61AA294166F800562FE4 /* DataManager.swift */,
				AF3ED729293BC95100D0CD96 /* Establishment.swift */,
			);
			path = Model;
			sourceTree = "<group>";
		};
/* End PBXGroup section */

/* Begin PBXNativeTarget section */
		AF3ED70B293B800300D0CD96 /* RaiseCompany */ = {
			isa = PBXNativeTarget;
			buildConfigurationList = AF3ED720293B800300D0CD96 /* Build configuration list for PBXNativeTarget "RaiseCompany" */;
			buildPhases = (
				AF3ED708293B800300D0CD96 /* Sources */,
				AF3ED709293B800300D0CD96 /* Frameworks */,
				AF3ED70A293B800300D0CD96 /* Resources */,
			);
			buildRules = (
			);
			dependencies = (
			);
			name = RaiseCompany;
			productName = RaiseCompany;
			productReference = AF3ED70C293B800300D0CD96 /* RaiseCompany.app */;
			productType = "com.apple.product-type.application";
		};
/* End PBXNativeTarget section */

/* Begin PBXProject section */
		AF3ED704293B800300D0CD96 /* Project object */ = {
			isa = PBXProject;
			attributes = {
				BuildIndependentTargetsInParallel = 1;
				LastSwiftUpdateCheck = 1340;
				LastUpgradeCheck = 1340;
				TargetAttributes = {
					AF3ED70B293B800300D0CD96 = {
						CreatedOnToolsVersion = 13.4.1;
					};
				};
			};
			buildConfigurationList = AF3ED707293B800300D0CD96 /* Build configuration list for PBXProject "RaiseCompany" */;
			compatibilityVersion = "Xcode 13.0";
			developmentRegion = en;
			hasScannedForEncodings = 0;
			knownRegions = (
				en,
				Base,
			);
			mainGroup = AF3ED703293B800300D0CD96;
			productRefGroup = AF3ED70D293B800300D0CD96 /* Products */;
			projectDirPath = "";
			projectRoot = "";
			targets = (
				AF3ED70B293B800300D0CD96 /* RaiseCompany */,
			);
		};
/* End PBXProject section */

/* Begin PBXResourcesBuildPhase section */
		AF3ED70A293B800300D0CD96 /* Resources */ = {
			isa = PBXResourcesBuildPhase;
			buildActionMask = 2147483647;
			files = (
				AF3ED71C293B800300D0CD96 /* LaunchScreen.storyboard in Resources */,
				AF3ED719293B800300D0CD96 /* Assets.xcassets in Resources */,
				AF3ED717293B800300D0CD96 /* Main.storyboard in Resources */,
			);
			runOnlyForDeploymentPostprocessing = 0;
		};
/* End PBXResourcesBuildPhase section */

/* Begin PBXSourcesBuildPhase section */
		AF3ED708293B800300D0CD96 /* Sources */ = {
			isa = PBXSourcesBuildPhase;
			buildActionMask = 2147483647;
			files = (
				AFBB9DD92947EDCB00652543 /* AddDepartmentViewController.swift in Sources */,
				AF3ED72C293BCBB200D0CD96 /* EstablishmentRow.swift in Sources */,
				AFBB9DD329479F0C00652543 /* MesaagesViewController.swift in Sources */,
				AF7A61AD29416EA600562FE4 /* EmployeesViewController.swift in Sources */,
				AFBB9DD129477D5F00652543 /* EstablishmentsViewController.swift in Sources */,
				AFBB9DD72947ED7900652543 /* AddEmployeeViewController.swift in Sources */,
				AF3ED714293B800300D0CD96 /* HomeViewController.swift in Sources */,
				AF7A61AB294166F800562FE4 /* DataManager.swift in Sources */,
				AF3ED72A293BC95100D0CD96 /* Establishment.swift in Sources */,
				AF3ED710293B800300D0CD96 /* AppDelegate.swift in Sources */,
				AFBB9DD52947EC1000652543 /* AddEstablishmentViewController.swift in Sources */,
				AF3ED712293B800300D0CD96 /* SceneDelegate.swift in Sources */,
			);
			runOnlyForDeploymentPostprocessing = 0;
		};
/* End PBXSourcesBuildPhase section */

/* Begin PBXVariantGroup section */
		AF3ED715293B800300D0CD96 /* Main.storyboard */ = {
			isa = PBXVariantGroup;
			children = (
				AF3ED716293B800300D0CD96 /* Base */,
			);
			name = Main.storyboard;
			sourceTree = "<group>";
		};
		AF3ED71A293B800300D0CD96 /* LaunchScreen.storyboard */ = {
			isa = PBXVariantGroup;
			children = (
				AF3ED71B293B800300D0CD96 /* Base */,
			);
			name = LaunchScreen.storyboard;
			sourceTree = "<group>";
		};
/* End PBXVariantGroup section */

/* Begin XCBuildConfiguration section */
		AF3ED71E293B800300D0CD96 /* Debug */ = {
			isa = XCBuildConfiguration;
			buildSettings = {
				ALWAYS_SEARCH_USER_PATHS = NO;
				CLANG_ANALYZER_NONNULL = YES;
				CLANG_ANALYZER_NUMBER_OBJECT_CONVERSION = YES_AGGRESSIVE;
				CLANG_CXX_LANGUAGE_STANDARD = "gnu++17";
				CLANG_ENABLE_MODULES = YES;
				CLANG_ENABLE_OBJC_ARC = YES;
				CLANG_ENABLE_OBJC_WEAK = YES;
				CLANG_WARN_BLOCK_CAPTURE_AUTORELEASING = YES;
				CLANG_WARN_BOOL_CONVERSION = YES;
				CLANG_WARN_COMMA = YES;
				CLANG_WARN_CONSTANT_CONVERSION = YES;
				CLANG_WARN_DEPRECATED_OBJC_IMPLEMENTATIONS = YES;
				CLANG_WARN_DIRECT_OBJC_ISA_USAGE = YES_ERROR;
				CLANG_WARN_DOCUMENTATION_COMMENTS = YES;
				CLANG_WARN_EMPTY_BODY = YES;
				CLANG_WARN_ENUM_CONVERSION = YES;
				CLANG_WARN_INFINITE_RECURSION = YES;
				CLANG_WARN_INT_CONVERSION = YES;
				CLANG_WARN_NON_LITERAL_NULL_CONVERSION = YES;
				CLANG_WARN_OBJC_IMPLICIT_RETAIN_SELF = YES;
				CLANG_WARN_OBJC_LITERAL_CONVERSION = YES;
				CLANG_WARN_OBJC_ROOT_CLASS = YES_ERROR;
				CLANG_WARN_QUOTED_INCLUDE_IN_FRAMEWORK_HEADER = YES;
				CLANG_WARN_RANGE_LOOP_ANALYSIS = YES;
				CLANG_WARN_STRICT_PROTOTYPES = YES;
				CLANG_WARN_SUSPICIOUS_MOVE = YES;
				CLANG_WARN_UNGUARDED_AVAILABILITY = YES_AGGRESSIVE;
				CLANG_WARN_UNREACHABLE_CODE = YES;
				CLANG_WARN__DUPLICATE_METHOD_MATCH = YES;
				COPY_PHASE_STRIP = NO;
				DEBUG_INFORMATION_FORMAT = dwarf;
				ENABLE_STRICT_OBJC_MSGSEND = YES;
				ENABLE_TESTABILITY = YES;
				GCC_C_LANGUAGE_STANDARD = gnu11;
				GCC_DYNAMIC_NO_PIC = NO;
				GCC_NO_COMMON_BLOCKS = YES;
				GCC_OPTIMIZATION_LEVEL = 0;
				GCC_PREPROCESSOR_DEFINITIONS = (
					"DEBUG=1",
					"$(inherited)",
				);
				GCC_WARN_64_TO_32_BIT_CONVERSION = YES;
				GCC_WARN_ABOUT_RETURN_TYPE = YES_ERROR;
				GCC_WARN_UNDECLARED_SELECTOR = YES;
				GCC_WARN_UNINITIALIZED_AUTOS = YES_AGGRESSIVE;
				GCC_WARN_UNUSED_FUNCTION = YES;
				GCC_WARN_UNUSED_VARIABLE = YES;
				IPHONEOS_DEPLOYMENT_TARGET = 15.5;
				MTL_ENABLE_DEBUG_INFO = INCLUDE_SOURCE;
				MTL_FAST_MATH = YES;
				ONLY_ACTIVE_ARCH = YES;
				SDKROOT = iphoneos;
				SWIFT_ACTIVE_COMPILATION_CONDITIONS = DEBUG;
				SWIFT_OPTIMIZATION_LEVEL = "-Onone";
			};
			name = Debug;
		};
		AF3ED71F293B800300D0CD96 /* Release */ = {
			isa = XCBuildConfiguration;
			buildSettings = {
				ALWAYS_SEARCH_USER_PATHS = NO;
				CLANG_ANALYZER_NONNULL = YES;
				CLANG_ANALYZER_NUMBER_OBJECT_CONVERSION = YES_AGGRESSIVE;
				CLANG_CXX_LANGUAGE_STANDARD = "gnu++17";
				CLANG_ENABLE_MODULES = YES;
				CLANG_ENABLE_OBJC_ARC = YES;
				CLANG_ENABLE_OBJC_WEAK = YES;
				CLANG_WARN_BLOCK_CAPTURE_AUTORELEASING = YES;
				CLANG_WARN_BOOL_CONVERSION = YES;
				CLANG_WARN_COMMA = YES;
				CLANG_WARN_CONSTANT_CONVERSION = YES;
				CLANG_WARN_DEPRECATED_OBJC_IMPLEMENTATIONS = YES;
				CLANG_WARN_DIRECT_OBJC_ISA_USAGE = YES_ERROR;
				CLANG_WARN_DOCUMENTATION_COMMENTS = YES;
				CLANG_WARN_EMPTY_BODY = YES;
				CLANG_WARN_ENUM_CONVERSION = YES;
				CLANG_WARN_INFINITE_RECURSION = YES;
				CLANG_WARN_INT_CONVERSION = YES;
				CLANG_WARN_NON_LITERAL_NULL_CONVERSION = YES;
				CLANG_WARN_OBJC_IMPLICIT_RETAIN_SELF = YES;
				CLANG_WARN_OBJC_LITERAL_CONVERSION = YES;
				CLANG_WARN_OBJC_ROOT_CLASS = YES_ERROR;
				CLANG_WARN_QUOTED_INCLUDE_IN_FRAMEWORK_HEADER = YES;
				CLANG_WARN_RANGE_LOOP_ANALYSIS = YES;
				CLANG_WARN_STRICT_PROTOTYPES = YES;
				CLANG_WARN_SUSPICIOUS_MOVE = YES;
				CLANG_WARN_UNGUARDED_AVAILABILITY = YES_AGGRESSIVE;
				CLANG_WARN_UNREACHABLE_CODE = YES;
				CLANG_WARN__DUPLICATE_METHOD_MATCH = YES;
				COPY_PHASE_STRIP = NO;
				DEBUG_INFORMATION_FORMAT = "dwarf-with-dsym";
				ENABLE_NS_ASSERTIONS = NO;
				ENABLE_STRICT_OBJC_MSGSEND = YES;
				GCC_C_LANGUAGE_STANDARD = gnu11;
				GCC_NO_COMMON_BLOCKS = YES;
				GCC_WARN_64_TO_32_BIT_CONVERSION = YES;
				GCC_WARN_ABOUT_RETURN_TYPE = YES_ERROR;
				GCC_WARN_UNDECLARED_SELECTOR = YES;
				GCC_WARN_UNINITIALIZED_AUTOS = YES_AGGRESSIVE;
				GCC_WARN_UNUSED_FUNCTION = YES;
				GCC_WARN_UNUSED_VARIABLE = YES;
				IPHONEOS_DEPLOYMENT_TARGET = 15.5;
				MTL_ENABLE_DEBUG_INFO = NO;
				MTL_FAST_MATH = YES;
				SDKROOT = iphoneos;
				SWIFT_COMPILATION_MODE = wholemodule;
				SWIFT_OPTIMIZATION_LEVEL = "-O";
				VALIDATE_PRODUCT = YES;
			};
			name = Release;
		};
		AF3ED721293B800300D0CD96 /* Debug */ = {
			isa = XCBuildConfiguration;
			buildSettings = {
				ASSETCATALOG_COMPILER_APPICON_NAME = AppIcon;
				ASSETCATALOG_COMPILER_GLOBAL_ACCENT_COLOR_NAME = AccentColor;
				CODE_SIGN_STYLE = Automatic;
				CURRENT_PROJECT_VERSION = 1;
				DEVELOPMENT_TEAM = M6SJULPZBG;
				GENERATE_INFOPLIST_FILE = YES;
				INFOPLIST_FILE = RaiseCompany/Info.plist;
				INFOPLIST_KEY_UIApplicationSupportsIndirectInputEvents = YES;
				INFOPLIST_KEY_UILaunchStoryboardName = LaunchScreen;
				INFOPLIST_KEY_UIMainStoryboardFile = Main;
				INFOPLIST_KEY_UISupportedInterfaceOrientations_iPad = "UIInterfaceOrientationPortrait UIInterfaceOrientationPortraitUpsideDown UIInterfaceOrientationLandscapeLeft UIInterfaceOrientationLandscapeRight";
				INFOPLIST_KEY_UISupportedInterfaceOrientations_iPhone = "UIInterfaceOrientationPortrait UIInterfaceOrientationLandscapeLeft UIInterfaceOrientationLandscapeRight";
				LD_RUNPATH_SEARCH_PATHS = (
					"$(inherited)",
					"@executable_path/Frameworks",
				);
				MARKETING_VERSION = 1.0;
				PRODUCT_BUNDLE_IDENTIFIER = com.albamei.RaiseCompany;
				PRODUCT_NAME = "$(TARGET_NAME)";
				SWIFT_EMIT_LOC_STRINGS = YES;
				SWIFT_VERSION = 5.0;
				TARGETED_DEVICE_FAMILY = "1,2";
			};
			name = Debug;
		};
		AF3ED722293B800300D0CD96 /* Release */ = {
			isa = XCBuildConfiguration;
			buildSettings = {
				ASSETCATALOG_COMPILER_APPICON_NAME = AppIcon;
				ASSETCATALOG_COMPILER_GLOBAL_ACCENT_COLOR_NAME = AccentColor;
				CODE_SIGN_STYLE = Automatic;
				CURRENT_PROJECT_VERSION = 1;
				DEVELOPMENT_TEAM = M6SJULPZBG;
				GENERATE_INFOPLIST_FILE = YES;
				INFOPLIST_FILE = RaiseCompany/Info.plist;
				INFOPLIST_KEY_UIApplicationSupportsIndirectInputEvents = YES;
				INFOPLIST_KEY_UILaunchStoryboardName = LaunchScreen;
				INFOPLIST_KEY_UIMainStoryboardFile = Main;
				INFOPLIST_KEY_UISupportedInterfaceOrientations_iPad = "UIInterfaceOrientationPortrait UIInterfaceOrientationPortraitUpsideDown UIInterfaceOrientationLandscapeLeft UIInterfaceOrientationLandscapeRight";
				INFOPLIST_KEY_UISupportedInterfaceOrientations_iPhone = "UIInterfaceOrientationPortrait UIInterfaceOrientationLandscapeLeft UIInterfaceOrientationLandscapeRight";
				LD_RUNPATH_SEARCH_PATHS = (
					"$(inherited)",
					"@executable_path/Frameworks",
				);
				MARKETING_VERSION = 1.0;
				PRODUCT_BUNDLE_IDENTIFIER = com.albamei.RaiseCompany;
				PRODUCT_NAME = "$(TARGET_NAME)";
				SWIFT_EMIT_LOC_STRINGS = YES;
				SWIFT_VERSION = 5.0;
				TARGETED_DEVICE_FAMILY = "1,2";
			};
			name = Release;
		};
/* End XCBuildConfiguration section */

/* Begin XCConfigurationList section */
		AF3ED707293B800300D0CD96 /* Build configuration list for PBXProject "RaiseCompany" */ = {
			isa = XCConfigurationList;
			buildConfigurations = (
				AF3ED71E293B800300D0CD96 /* Debug */,
				AF3ED71F293B800300D0CD96 /* Release */,
			);
			defaultConfigurationIsVisible = 0;
			defaultConfigurationName = Release;
		};
		AF3ED720293B800300D0CD96 /* Build configuration list for PBXNativeTarget "RaiseCompany" */ = {
			isa = XCConfigurationList;
			buildConfigurations = (
				AF3ED721293B800300D0CD96 /* Debug */,
				AF3ED722293B800300D0CD96 /* Release */,
			);
			defaultConfigurationIsVisible = 0;
			defaultConfigurationName = Release;
		};
/* End XCConfigurationList section */
	};
	rootObject = AF3ED704293B800300D0CD96 /* Project object */;
}
